// !$*UTF8*$!
{
	archiveVersion = 1;
	classes = {
	};
	objectVersion = 51;
	objects = {

/* Begin PBXBuildFile section */
		18218C1727021182007C46A4 /* xp2020xrtk.pdf in Resources */ = {isa = PBXBuildFile; fileRef = 18218BF02702114A007C46A4 /* xp2020xrtk.pdf */; };
		18218C1827021182007C46A4 /* xp2020battery.pdf in Resources */ = {isa = PBXBuildFile; fileRef = 18218BF12702114B007C46A4 /* xp2020battery.pdf */; };
		18218C1927021182007C46A4 /* xp2020height.pdf in Resources */ = {isa = PBXBuildFile; fileRef = 18218BF22702114C007C46A4 /* xp2020height.pdf */; };
		18218C1A27021182007C46A4 /* xp2020sprayingSystemCalibration.pdf in Resources */ = {isa = PBXBuildFile; fileRef = 18218BF32702114D007C46A4 /* xp2020sprayingSystemCalibration.pdf */; };
		18218C1B27021182007C46A4 /* xp2020scissors.pdf in Resources */ = {isa = PBXBuildFile; fileRef = 18218BF42702114E007C46A4 /* xp2020scissors.pdf */; };
		18218C1C27021182007C46A4 /* xp2020cm12500.pdf in Resources */ = {isa = PBXBuildFile; fileRef = 18218BF52702114F007C46A4 /* xp2020cm12500.pdf */; };
		18218C1D27021182007C46A4 /* xp2020b13860s.pdf in Resources */ = {isa = PBXBuildFile; fileRef = 18218BF627021151007C46A4 /* xp2020b13860s.pdf */; };
		18218C1E27021183007C46A4 /* xp2020miniProgram.pdf in Resources */ = {isa = PBXBuildFile; fileRef = 18218BF727021152007C46A4 /* xp2020miniProgram.pdf */; };
		18218C1F27021183007C46A4 /* xp2020acb1.pdf in Resources */ = {isa = PBXBuildFile; fileRef = 18218BF827021153007C46A4 /* xp2020acb1.pdf */; };
		18218C2027021183007C46A4 /* xp2020xagAgri.pdf in Resources */ = {isa = PBXBuildFile; fileRef = 18218BF927021154007C46A4 /* xp2020xagAgri.pdf */; };
		18218C2127021183007C46A4 /* xp2020flightParameters.pdf in Resources */ = {isa = PBXBuildFile; fileRef = 18218BFA27021155007C46A4 /* xp2020flightParameters.pdf */; };
		18218C2227021183007C46A4 /* XAG MANUAL v2.1-166-173.pdf in Resources */ = {isa = PBXBuildFile; fileRef = 18218BFB27021157007C46A4 /* XAG MANUAL v2.1-166-173.pdf */; };
		18218C2327021183007C46A4 /* xp2020dosage.pdf in Resources */ = {isa = PBXBuildFile; fileRef = 18218BFC27021159007C46A4 /* xp2020dosage.pdf */; };
		18218C2427021183007C46A4 /* xp2020uploadField.pdf in Resources */ = {isa = PBXBuildFile; fileRef = 18218BFD2702115A007C46A4 /* xp2020uploadField.pdf */; };
		18218C2527021183007C46A4 /* xp2020pairingMobileStation.pdf in Resources */ = {isa = PBXBuildFile; fileRef = 18218BFE2702115B007C46A4 /* xp2020pairingMobileStation.pdf */; };
		18218C2627021183007C46A4 /* xp2020field.pdf in Resources */ = {isa = PBXBuildFile; fileRef = 18218BFF2702115D007C46A4 /* xp2020field.pdf */; };
		18218C2727021183007C46A4 /* xp2020endShiftMaintenance.pdf in Resources */ = {isa = PBXBuildFile; fileRef = 18218C002702115E007C46A4 /* xp2020endShiftMaintenance.pdf */; };
		18218C2827021183007C46A4 /* xp2020operation.pdf in Resources */ = {isa = PBXBuildFile; fileRef = 18218C0127021160007C46A4 /* xp2020operation.pdf */; };
		18218C2927021183007C46A4 /* xp2020rth.pdf in Resources */ = {isa = PBXBuildFile; fileRef = 18218C0227021161007C46A4 /* xp2020rth.pdf */; };
		18218C2A27021183007C46A4 /* xp2020takeOff.pdf in Resources */ = {isa = PBXBuildFile; fileRef = 18218C0327021162007C46A4 /* xp2020takeOff.pdf */; };
		18218C2B27021183007C46A4 /* xp2020visualCheck.pdf in Resources */ = {isa = PBXBuildFile; fileRef = 18218C0427021163007C46A4 /* xp2020visualCheck.pdf */; };
		18218C2C27021183007C46A4 /* xp2020roleDistribution.pdf in Resources */ = {isa = PBXBuildFile; fileRef = 18218C0527021165007C46A4 /* xp2020roleDistribution.pdf */; };
		18218C2D27021183007C46A4 /* xp2020speed.pdf in Resources */ = {isa = PBXBuildFile; fileRef = 18218C0627021166007C46A4 /* xp2020speed.pdf */; };
		18218C2E27021183007C46A4 /* XAG MANUAL v2.1-163-164.pdf in Resources */ = {isa = PBXBuildFile; fileRef = 18218C0727021167007C46A4 /* XAG MANUAL v2.1-163-164.pdf */; };
		18218C2F27021183007C46A4 /* xp2020sprayingSystem.pdf in Resources */ = {isa = PBXBuildFile; fileRef = 18218C0827021169007C46A4 /* xp2020sprayingSystem.pdf */; };
		18218C3027021183007C46A4 /* xp2020pairingXP2020.pdf in Resources */ = {isa = PBXBuildFile; fileRef = 18218C092702116B007C46A4 /* xp2020pairingXP2020.pdf */; };
		18218C3127021183007C46A4 /* xp2020surveyingRover.pdf in Resources */ = {isa = PBXBuildFile; fileRef = 18218C0A2702116D007C46A4 /* xp2020surveyingRover.pdf */; };
		18218C3227021183007C46A4 /* xp2020wechat.pdf in Resources */ = {isa = PBXBuildFile; fileRef = 18218C0B2702116F007C46A4 /* xp2020wechat.pdf */; };
		18218C3327021183007C46A4 /* xp2020pairingRover.pdf in Resources */ = {isa = PBXBuildFile; fileRef = 18218C0C27021170007C46A4 /* xp2020pairingRover.pdf */; };
		18218C3427021183007C46A4 /* xp2020alr6.pdf in Resources */ = {isa = PBXBuildFile; fileRef = 18218C0D27021172007C46A4 /* xp2020alr6.pdf */; };
		18218C3627021183007C46A4 /* xp2020propulsionSystem.pdf in Resources */ = {isa = PBXBuildFile; fileRef = 18218C0F27021176007C46A4 /* xp2020propulsionSystem.pdf */; };
		18218C3727021183007C46A4 /* xp2020xp2020.pdf in Resources */ = {isa = PBXBuildFile; fileRef = 18218C1027021177007C46A4 /* xp2020xp2020.pdf */; };
		18218C3827021183007C46A4 /* xp2020start.pdf in Resources */ = {isa = PBXBuildFile; fileRef = 18218C1127021179007C46A4 /* xp2020start.pdf */; };
		18218C3927021183007C46A4 /* xp2020scheduledMaintenance.pdf in Resources */ = {isa = PBXBuildFile; fileRef = 18218C122702117B007C46A4 /* xp2020scheduledMaintenance.pdf */; };
		18218C3A27021183007C46A4 /* xp2020sprayWidthAndSafeDistances.pdf in Resources */ = {isa = PBXBuildFile; fileRef = 18218C132702117D007C46A4 /* xp2020sprayWidthAndSafeDistances.pdf */; };
		18218C3B27021183007C46A4 /* xp2020pairingACB1.pdf in Resources */ = {isa = PBXBuildFile; fileRef = 18218C142702117F007C46A4 /* xp2020pairingACB1.pdf */; };
		18218C3C27021183007C46A4 /* xp2020work.pdf in Resources */ = {isa = PBXBuildFile; fileRef = 18218C1527021180007C46A4 /* xp2020work.pdf */; };
		18218C3D27021183007C46A4 /* xp2020activation.pdf in Resources */ = {isa = PBXBuildFile; fileRef = 18218C1627021182007C46A4 /* xp2020activation.pdf */; };
		1827CF7DC441388BCD4EFB23 /* Pods_Checklist.framework in Frameworks */ = {isa = PBXBuildFile; fileRef = CA730AE8023FD7EE14F9E606 /* Pods_Checklist.framework */; };
		1834F9EC275AB7770059B096 /* VideoViewController.swift in Sources */ = {isa = PBXBuildFile; fileRef = 1834F9EB275AB7770059B096 /* VideoViewController.swift */; };
		1834F9EE275F6B190059B096 /* VideoManager.swift in Sources */ = {isa = PBXBuildFile; fileRef = 1834F9ED275F6B180059B096 /* VideoManager.swift */; };
		1834F9F0275F6B420059B096 /* SplitViewManager.swift in Sources */ = {isa = PBXBuildFile; fileRef = 1834F9EF275F6B420059B096 /* SplitViewManager.swift */; };
		1857A9D02670DB9600A57D7A /* FirstScreenViewController.swift in Sources */ = {isa = PBXBuildFile; fileRef = 1857A9CF2670DB9600A57D7A /* FirstScreenViewController.swift */; };
		1857A9D22670DBB600A57D7A /* SignUpViewController.swift in Sources */ = {isa = PBXBuildFile; fileRef = 1857A9D12670DBB600A57D7A /* SignUpViewController.swift */; };
		1857A9D42670DBC100A57D7A /* LogInViewController.swift in Sources */ = {isa = PBXBuildFile; fileRef = 1857A9D32670DBC100A57D7A /* LogInViewController.swift */; };
		1857A9D62670DBDC00A57D7A /* ForgotPasswordViewController.swift in Sources */ = {isa = PBXBuildFile; fileRef = 1857A9D52670DBDC00A57D7A /* ForgotPasswordViewController.swift */; };
		1857A9D9267B7DB700A57D7A /* GoogleService-Info.plist in Resources */ = {isa = PBXBuildFile; fileRef = 1857A9D8267B7DB700A57D7A /* GoogleService-Info.plist */; };
		185D93B6264D17690031A6F8 /* ContentsTableViewController.swift in Sources */ = {isa = PBXBuildFile; fileRef = 185D93B5264D17690031A6F8 /* ContentsTableViewController.swift */; };
		185D93B9264D40A70031A6F8 /* FAQViewController.swift in Sources */ = {isa = PBXBuildFile; fileRef = 185D93B8264D40A70031A6F8 /* FAQViewController.swift */; };
		187136352718A25B00E3D90E /* ContactUsTableViewCell.swift in Sources */ = {isa = PBXBuildFile; fileRef = 187136332718A25B00E3D90E /* ContactUsTableViewCell.swift */; };
		187136362718A25B00E3D90E /* ContactUsTableViewCell.xib in Resources */ = {isa = PBXBuildFile; fileRef = 187136342718A25B00E3D90E /* ContactUsTableViewCell.xib */; };
		1880BD9025D6D71B004B6BFE /* AppDelegate.swift in Sources */ = {isa = PBXBuildFile; fileRef = 1880BD8F25D6D71B004B6BFE /* AppDelegate.swift */; };
		1880BD9225D6D71B004B6BFE /* SceneDelegate.swift in Sources */ = {isa = PBXBuildFile; fileRef = 1880BD9125D6D71B004B6BFE /* SceneDelegate.swift */; };
		1880BD9425D6D71B004B6BFE /* SelectDroneAndProgramViewController.swift in Sources */ = {isa = PBXBuildFile; fileRef = 1880BD9325D6D71B004B6BFE /* SelectDroneAndProgramViewController.swift */; };
		1880BD9725D6D71B004B6BFE /* Main.storyboard in Resources */ = {isa = PBXBuildFile; fileRef = 1880BD9525D6D71B004B6BFE /* Main.storyboard */; };
		1880BD9A25D6D71B004B6BFE /* Checklist.xcdatamodeld in Sources */ = {isa = PBXBuildFile; fileRef = 1880BD9825D6D71B004B6BFE /* Checklist.xcdatamodeld */; };
		1880BD9C25D6D727004B6BFE /* Assets.xcassets in Resources */ = {isa = PBXBuildFile; fileRef = 1880BD9B25D6D727004B6BFE /* Assets.xcassets */; };
		1880BD9F25D6D727004B6BFE /* LaunchScreen.storyboard in Resources */ = {isa = PBXBuildFile; fileRef = 1880BD9D25D6D727004B6BFE /* LaunchScreen.storyboard */; };
		1880BDA825D6D77E004B6BFE /* Drone.swift in Sources */ = {isa = PBXBuildFile; fileRef = 1880BDA725D6D77E004B6BFE /* Drone.swift */; };
		188BBF3925F3FC570060E34E /* Checklist.swift in Sources */ = {isa = PBXBuildFile; fileRef = 188BBF3825F3FC570060E34E /* Checklist.swift */; };
		188BBF4125F5284D0060E34E /* Scenario.swift in Sources */ = {isa = PBXBuildFile; fileRef = 188BBF4025F5284D0060E34E /* Scenario.swift */; };
		188BBF4B25F578F30060E34E /* LocalizedKeys.swift in Sources */ = {isa = PBXBuildFile; fileRef = 188BBF4A25F578F30060E34E /* LocalizedKeys.swift */; };
		18A0771D25EE5662005E7C20 /* ProgramPartSelectionViewController.swift in Sources */ = {isa = PBXBuildFile; fileRef = 18A0771C25EE5662005E7C20 /* ProgramPartSelectionViewController.swift */; };
		18A0772025EE5677005E7C20 /* ContentViewController.swift in Sources */ = {isa = PBXBuildFile; fileRef = 18A0771F25EE5677005E7C20 /* ContentViewController.swift */; };
		18B3AF1A27688BF9007BDE63 /* NavigationStackManager.swift in Sources */ = {isa = PBXBuildFile; fileRef = 18B3AF1927688BF9007BDE63 /* NavigationStackManager.swift */; };
		18BFFDFE267BE6430087421C /* AccountViewController.swift in Sources */ = {isa = PBXBuildFile; fileRef = 18BFFDFD267BE6430087421C /* AccountViewController.swift */; };
		18CBAC0D2698882100D5A2DF /* ChangePasswordViewController.swift in Sources */ = {isa = PBXBuildFile; fileRef = 18CBAC0C2698882100D5A2DF /* ChangePasswordViewController.swift */; };
		18CBAC1326B5611700D5A2DF /* Alerts.swift in Sources */ = {isa = PBXBuildFile; fileRef = 18CBAC1226B5611700D5A2DF /* Alerts.swift */; };
		18CF99522747E13300802766 /* NetworkMonitor.swift in Sources */ = {isa = PBXBuildFile; fileRef = 18CF99512747E13300802766 /* NetworkMonitor.swift */; };
		18DCB75F25EF7E1500AE1463 /* MyTableViewCell.swift in Sources */ = {isa = PBXBuildFile; fileRef = 18DCB75D25EF7E1500AE1463 /* MyTableViewCell.swift */; };
		18DCB76025EF7E1500AE1463 /* MyTableViewCell.xib in Resources */ = {isa = PBXBuildFile; fileRef = 18DCB75E25EF7E1500AE1463 /* MyTableViewCell.xib */; };
		18DCB76E25F1366900AE1463 /* String+localized.swift in Sources */ = {isa = PBXBuildFile; fileRef = 18DCB76D25F1366900AE1463 /* String+localized.swift */; };
		18DCB77125F136BF00AE1463 /* Constants.swift in Sources */ = {isa = PBXBuildFile; fileRef = 18DCB77025F136BF00AE1463 /* Constants.swift */; };
		18DCB77425F138E600AE1463 /* UserSettings.swift in Sources */ = {isa = PBXBuildFile; fileRef = 18DCB77325F138E600AE1463 /* UserSettings.swift */; };
		18DCB77725F1395E00AE1463 /* Navigation.swift in Sources */ = {isa = PBXBuildFile; fileRef = 18DCB77625F1395E00AE1463 /* Navigation.swift */; };
		18DCB77A25F13AF400AE1463 /* PasswordValidator.swift in Sources */ = {isa = PBXBuildFile; fileRef = 18DCB77925F13AF400AE1463 /* PasswordValidator.swift */; };
		18DCB77E25F13B9200AE1463 /* My Movie.mp4 in Resources */ = {isa = PBXBuildFile; fileRef = 18DCB77D25F13B9200AE1463 /* My Movie.mp4 */; };
		18DCB78125F13CAC00AE1463 /* LogIn.storyboard in Resources */ = {isa = PBXBuildFile; fileRef = 18DCB78025F13CAC00AE1463 /* LogIn.storyboard */; };
		18DCB78625F37D7600AE1463 /* Localizable.strings in Resources */ = {isa = PBXBuildFile; fileRef = 18DCB78825F37D7600AE1463 /* Localizable.strings */; };
		18F621DB26FCB3DC00E83C93 /* FeedbackFormViewController.swift in Sources */ = {isa = PBXBuildFile; fileRef = 18F621DA26FCB3DC00E83C93 /* FeedbackFormViewController.swift */; };
/* End PBXBuildFile section */

/* Begin PBXFileReference section */
		18218BF02702114A007C46A4 /* xp2020xrtk.pdf */ = {isa = PBXFileReference; lastKnownFileType = image.pdf; path = xp2020xrtk.pdf; sourceTree = "<group>"; };
		18218BF12702114B007C46A4 /* xp2020battery.pdf */ = {isa = PBXFileReference; lastKnownFileType = image.pdf; path = xp2020battery.pdf; sourceTree = "<group>"; };
		18218BF22702114C007C46A4 /* xp2020height.pdf */ = {isa = PBXFileReference; lastKnownFileType = image.pdf; path = xp2020height.pdf; sourceTree = "<group>"; };
		18218BF32702114D007C46A4 /* xp2020sprayingSystemCalibration.pdf */ = {isa = PBXFileReference; lastKnownFileType = image.pdf; path = xp2020sprayingSystemCalibration.pdf; sourceTree = "<group>"; };
		18218BF42702114E007C46A4 /* xp2020scissors.pdf */ = {isa = PBXFileReference; lastKnownFileType = image.pdf; path = xp2020scissors.pdf; sourceTree = "<group>"; };
		18218BF52702114F007C46A4 /* xp2020cm12500.pdf */ = {isa = PBXFileReference; lastKnownFileType = image.pdf; path = xp2020cm12500.pdf; sourceTree = "<group>"; };
		18218BF627021151007C46A4 /* xp2020b13860s.pdf */ = {isa = PBXFileReference; lastKnownFileType = image.pdf; path = xp2020b13860s.pdf; sourceTree = "<group>"; };
		18218BF727021152007C46A4 /* xp2020miniProgram.pdf */ = {isa = PBXFileReference; lastKnownFileType = image.pdf; path = xp2020miniProgram.pdf; sourceTree = "<group>"; };
		18218BF827021153007C46A4 /* xp2020acb1.pdf */ = {isa = PBXFileReference; lastKnownFileType = image.pdf; path = xp2020acb1.pdf; sourceTree = "<group>"; };
		18218BF927021154007C46A4 /* xp2020xagAgri.pdf */ = {isa = PBXFileReference; lastKnownFileType = image.pdf; path = xp2020xagAgri.pdf; sourceTree = "<group>"; };
		18218BFA27021155007C46A4 /* xp2020flightParameters.pdf */ = {isa = PBXFileReference; lastKnownFileType = image.pdf; path = xp2020flightParameters.pdf; sourceTree = "<group>"; };
		18218BFB27021157007C46A4 /* XAG MANUAL v2.1-166-173.pdf */ = {isa = PBXFileReference; lastKnownFileType = image.pdf; path = "XAG MANUAL v2.1-166-173.pdf"; sourceTree = "<group>"; };
		18218BFC27021159007C46A4 /* xp2020dosage.pdf */ = {isa = PBXFileReference; lastKnownFileType = image.pdf; path = xp2020dosage.pdf; sourceTree = "<group>"; };
		18218BFD2702115A007C46A4 /* xp2020uploadField.pdf */ = {isa = PBXFileReference; lastKnownFileType = image.pdf; path = xp2020uploadField.pdf; sourceTree = "<group>"; };
		18218BFE2702115B007C46A4 /* xp2020pairingMobileStation.pdf */ = {isa = PBXFileReference; lastKnownFileType = image.pdf; path = xp2020pairingMobileStation.pdf; sourceTree = "<group>"; };
		18218BFF2702115D007C46A4 /* xp2020field.pdf */ = {isa = PBXFileReference; lastKnownFileType = image.pdf; path = xp2020field.pdf; sourceTree = "<group>"; };
		18218C002702115E007C46A4 /* xp2020endShiftMaintenance.pdf */ = {isa = PBXFileReference; lastKnownFileType = image.pdf; path = xp2020endShiftMaintenance.pdf; sourceTree = "<group>"; };
		18218C0127021160007C46A4 /* xp2020operation.pdf */ = {isa = PBXFileReference; lastKnownFileType = image.pdf; path = xp2020operation.pdf; sourceTree = "<group>"; };
		18218C0227021161007C46A4 /* xp2020rth.pdf */ = {isa = PBXFileReference; lastKnownFileType = image.pdf; path = xp2020rth.pdf; sourceTree = "<group>"; };
		18218C0327021162007C46A4 /* xp2020takeOff.pdf */ = {isa = PBXFileReference; lastKnownFileType = image.pdf; path = xp2020takeOff.pdf; sourceTree = "<group>"; };
		18218C0427021163007C46A4 /* xp2020visualCheck.pdf */ = {isa = PBXFileReference; lastKnownFileType = image.pdf; path = xp2020visualCheck.pdf; sourceTree = "<group>"; };
		18218C0527021165007C46A4 /* xp2020roleDistribution.pdf */ = {isa = PBXFileReference; lastKnownFileType = image.pdf; path = xp2020roleDistribution.pdf; sourceTree = "<group>"; };
		18218C0627021166007C46A4 /* xp2020speed.pdf */ = {isa = PBXFileReference; lastKnownFileType = image.pdf; path = xp2020speed.pdf; sourceTree = "<group>"; };
		18218C0727021167007C46A4 /* XAG MANUAL v2.1-163-164.pdf */ = {isa = PBXFileReference; lastKnownFileType = image.pdf; path = "XAG MANUAL v2.1-163-164.pdf"; sourceTree = "<group>"; };
		18218C0827021169007C46A4 /* xp2020sprayingSystem.pdf */ = {isa = PBXFileReference; lastKnownFileType = image.pdf; path = xp2020sprayingSystem.pdf; sourceTree = "<group>"; };
		18218C092702116B007C46A4 /* xp2020pairingXP2020.pdf */ = {isa = PBXFileReference; lastKnownFileType = image.pdf; path = xp2020pairingXP2020.pdf; sourceTree = "<group>"; };
		18218C0A2702116D007C46A4 /* xp2020surveyingRover.pdf */ = {isa = PBXFileReference; lastKnownFileType = image.pdf; path = xp2020surveyingRover.pdf; sourceTree = "<group>"; };
		18218C0B2702116F007C46A4 /* xp2020wechat.pdf */ = {isa = PBXFileReference; lastKnownFileType = image.pdf; path = xp2020wechat.pdf; sourceTree = "<group>"; };
		18218C0C27021170007C46A4 /* xp2020pairingRover.pdf */ = {isa = PBXFileReference; lastKnownFileType = image.pdf; path = xp2020pairingRover.pdf; sourceTree = "<group>"; };
		18218C0D27021172007C46A4 /* xp2020alr6.pdf */ = {isa = PBXFileReference; lastKnownFileType = image.pdf; path = xp2020alr6.pdf; sourceTree = "<group>"; };
		18218C0F27021176007C46A4 /* xp2020propulsionSystem.pdf */ = {isa = PBXFileReference; lastKnownFileType = image.pdf; path = xp2020propulsionSystem.pdf; sourceTree = "<group>"; };
		18218C1027021177007C46A4 /* xp2020xp2020.pdf */ = {isa = PBXFileReference; lastKnownFileType = image.pdf; path = xp2020xp2020.pdf; sourceTree = "<group>"; };
		18218C1127021179007C46A4 /* xp2020start.pdf */ = {isa = PBXFileReference; lastKnownFileType = image.pdf; path = xp2020start.pdf; sourceTree = "<group>"; };
		18218C122702117B007C46A4 /* xp2020scheduledMaintenance.pdf */ = {isa = PBXFileReference; lastKnownFileType = image.pdf; path = xp2020scheduledMaintenance.pdf; sourceTree = "<group>"; };
		18218C132702117D007C46A4 /* xp2020sprayWidthAndSafeDistances.pdf */ = {isa = PBXFileReference; lastKnownFileType = image.pdf; path = xp2020sprayWidthAndSafeDistances.pdf; sourceTree = "<group>"; };
		18218C142702117F007C46A4 /* xp2020pairingACB1.pdf */ = {isa = PBXFileReference; lastKnownFileType = image.pdf; path = xp2020pairingACB1.pdf; sourceTree = "<group>"; };
		18218C1527021180007C46A4 /* xp2020work.pdf */ = {isa = PBXFileReference; lastKnownFileType = image.pdf; path = xp2020work.pdf; sourceTree = "<group>"; };
		18218C1627021182007C46A4 /* xp2020activation.pdf */ = {isa = PBXFileReference; lastKnownFileType = image.pdf; path = xp2020activation.pdf; sourceTree = "<group>"; };
		1834F9EB275AB7770059B096 /* VideoViewController.swift */ = {isa = PBXFileReference; lastKnownFileType = sourcecode.swift; path = VideoViewController.swift; sourceTree = "<group>"; };
		1834F9ED275F6B180059B096 /* VideoManager.swift */ = {isa = PBXFileReference; lastKnownFileType = sourcecode.swift; path = VideoManager.swift; sourceTree = "<group>"; };
		1834F9EF275F6B420059B096 /* SplitViewManager.swift */ = {isa = PBXFileReference; lastKnownFileType = sourcecode.swift; path = SplitViewManager.swift; sourceTree = "<group>"; };
		1857A9CF2670DB9600A57D7A /* FirstScreenViewController.swift */ = {isa = PBXFileReference; lastKnownFileType = sourcecode.swift; path = FirstScreenViewController.swift; sourceTree = "<group>"; };
		1857A9D12670DBB600A57D7A /* SignUpViewController.swift */ = {isa = PBXFileReference; lastKnownFileType = sourcecode.swift; path = SignUpViewController.swift; sourceTree = "<group>"; };
		1857A9D32670DBC100A57D7A /* LogInViewController.swift */ = {isa = PBXFileReference; lastKnownFileType = sourcecode.swift; path = LogInViewController.swift; sourceTree = "<group>"; };
		1857A9D52670DBDC00A57D7A /* ForgotPasswordViewController.swift */ = {isa = PBXFileReference; lastKnownFileType = sourcecode.swift; path = ForgotPasswordViewController.swift; sourceTree = "<group>"; };
		1857A9D8267B7DB700A57D7A /* GoogleService-Info.plist */ = {isa = PBXFileReference; fileEncoding = 4; lastKnownFileType = text.plist.xml; path = "GoogleService-Info.plist"; sourceTree = "<group>"; };
		185D93B5264D17690031A6F8 /* ContentsTableViewController.swift */ = {isa = PBXFileReference; lastKnownFileType = sourcecode.swift; path = ContentsTableViewController.swift; sourceTree = "<group>"; };
		185D93B8264D40A70031A6F8 /* FAQViewController.swift */ = {isa = PBXFileReference; lastKnownFileType = sourcecode.swift; path = FAQViewController.swift; sourceTree = "<group>"; };
		187136332718A25B00E3D90E /* ContactUsTableViewCell.swift */ = {isa = PBXFileReference; lastKnownFileType = sourcecode.swift; path = ContactUsTableViewCell.swift; sourceTree = "<group>"; };
		187136342718A25B00E3D90E /* ContactUsTableViewCell.xib */ = {isa = PBXFileReference; lastKnownFileType = file.xib; path = ContactUsTableViewCell.xib; sourceTree = "<group>"; };
		1880BD8C25D6D71B004B6BFE /* Checklist.app */ = {isa = PBXFileReference; explicitFileType = wrapper.application; includeInIndex = 0; path = Checklist.app; sourceTree = BUILT_PRODUCTS_DIR; };
		1880BD8F25D6D71B004B6BFE /* AppDelegate.swift */ = {isa = PBXFileReference; lastKnownFileType = sourcecode.swift; path = AppDelegate.swift; sourceTree = "<group>"; };
		1880BD9125D6D71B004B6BFE /* SceneDelegate.swift */ = {isa = PBXFileReference; lastKnownFileType = sourcecode.swift; path = SceneDelegate.swift; sourceTree = "<group>"; };
		1880BD9325D6D71B004B6BFE /* SelectDroneAndProgramViewController.swift */ = {isa = PBXFileReference; lastKnownFileType = sourcecode.swift; path = SelectDroneAndProgramViewController.swift; sourceTree = "<group>"; };
		1880BD9625D6D71B004B6BFE /* Base */ = {isa = PBXFileReference; lastKnownFileType = file.storyboard; name = Base; path = Base.lproj/Main.storyboard; sourceTree = "<group>"; };
		1880BD9925D6D71B004B6BFE /* Checklist.xcdatamodel */ = {isa = PBXFileReference; lastKnownFileType = wrapper.xcdatamodel; path = Checklist.xcdatamodel; sourceTree = "<group>"; };
		1880BD9B25D6D727004B6BFE /* Assets.xcassets */ = {isa = PBXFileReference; lastKnownFileType = folder.assetcatalog; path = Assets.xcassets; sourceTree = "<group>"; };
		1880BD9E25D6D727004B6BFE /* Base */ = {isa = PBXFileReference; lastKnownFileType = file.storyboard; name = Base; path = Base.lproj/LaunchScreen.storyboard; sourceTree = "<group>"; };
		1880BDA025D6D727004B6BFE /* Info.plist */ = {isa = PBXFileReference; lastKnownFileType = text.plist.xml; path = Info.plist; sourceTree = "<group>"; };
		1880BDA725D6D77E004B6BFE /* Drone.swift */ = {isa = PBXFileReference; lastKnownFileType = sourcecode.swift; path = Drone.swift; sourceTree = "<group>"; };
		188BBF3125F37F4F0060E34E /* uk */ = {isa = PBXFileReference; lastKnownFileType = text.plist.strings; name = uk; path = uk.lproj/Localizable.strings; sourceTree = "<group>"; };
		188BBF3225F37F610060E34E /* ru */ = {isa = PBXFileReference; lastKnownFileType = text.plist.strings; name = ru; path = ru.lproj/Localizable.strings; sourceTree = "<group>"; };
		188BBF3825F3FC570060E34E /* Checklist.swift */ = {isa = PBXFileReference; lastKnownFileType = sourcecode.swift; path = Checklist.swift; sourceTree = "<group>"; };
		188BBF4025F5284D0060E34E /* Scenario.swift */ = {isa = PBXFileReference; lastKnownFileType = sourcecode.swift; path = Scenario.swift; sourceTree = "<group>"; };
		188BBF4A25F578F30060E34E /* LocalizedKeys.swift */ = {isa = PBXFileReference; lastKnownFileType = sourcecode.swift; path = LocalizedKeys.swift; sourceTree = "<group>"; };
		18A0771C25EE5662005E7C20 /* ProgramPartSelectionViewController.swift */ = {isa = PBXFileReference; lastKnownFileType = sourcecode.swift; path = ProgramPartSelectionViewController.swift; sourceTree = "<group>"; };
		18A0771F25EE5677005E7C20 /* ContentViewController.swift */ = {isa = PBXFileReference; lastKnownFileType = sourcecode.swift; path = ContentViewController.swift; sourceTree = "<group>"; };
		18B3AF1927688BF9007BDE63 /* NavigationStackManager.swift */ = {isa = PBXFileReference; lastKnownFileType = sourcecode.swift; path = NavigationStackManager.swift; sourceTree = "<group>"; };
		18BFFDFD267BE6430087421C /* AccountViewController.swift */ = {isa = PBXFileReference; lastKnownFileType = sourcecode.swift; path = AccountViewController.swift; sourceTree = "<group>"; };
		18CBAC0C2698882100D5A2DF /* ChangePasswordViewController.swift */ = {isa = PBXFileReference; lastKnownFileType = sourcecode.swift; path = ChangePasswordViewController.swift; sourceTree = "<group>"; };
		18CBAC1226B5611700D5A2DF /* Alerts.swift */ = {isa = PBXFileReference; lastKnownFileType = sourcecode.swift; path = Alerts.swift; sourceTree = "<group>"; };
		18CF99512747E13300802766 /* NetworkMonitor.swift */ = {isa = PBXFileReference; lastKnownFileType = sourcecode.swift; path = NetworkMonitor.swift; sourceTree = "<group>"; };
		18DCB75D25EF7E1500AE1463 /* MyTableViewCell.swift */ = {isa = PBXFileReference; lastKnownFileType = sourcecode.swift; path = MyTableViewCell.swift; sourceTree = "<group>"; };
		18DCB75E25EF7E1500AE1463 /* MyTableViewCell.xib */ = {isa = PBXFileReference; lastKnownFileType = file.xib; path = MyTableViewCell.xib; sourceTree = "<group>"; };
		18DCB76D25F1366900AE1463 /* String+localized.swift */ = {isa = PBXFileReference; lastKnownFileType = sourcecode.swift; path = "String+localized.swift"; sourceTree = "<group>"; };
		18DCB77025F136BF00AE1463 /* Constants.swift */ = {isa = PBXFileReference; lastKnownFileType = sourcecode.swift; path = Constants.swift; sourceTree = "<group>"; };
		18DCB77325F138E600AE1463 /* UserSettings.swift */ = {isa = PBXFileReference; lastKnownFileType = sourcecode.swift; path = UserSettings.swift; sourceTree = "<group>"; };
		18DCB77625F1395E00AE1463 /* Navigation.swift */ = {isa = PBXFileReference; lastKnownFileType = sourcecode.swift; path = Navigation.swift; sourceTree = "<group>"; };
		18DCB77925F13AF400AE1463 /* PasswordValidator.swift */ = {isa = PBXFileReference; lastKnownFileType = sourcecode.swift; path = PasswordValidator.swift; sourceTree = "<group>"; };
		18DCB77D25F13B9200AE1463 /* My Movie.mp4 */ = {isa = PBXFileReference; lastKnownFileType = file; path = "My Movie.mp4"; sourceTree = "<group>"; };
		18DCB78025F13CAC00AE1463 /* LogIn.storyboard */ = {isa = PBXFileReference; lastKnownFileType = file.storyboard; path = LogIn.storyboard; sourceTree = "<group>"; };
		18DCB78725F37D7600AE1463 /* en */ = {isa = PBXFileReference; lastKnownFileType = text.plist.strings; name = en; path = en.lproj/Localizable.strings; sourceTree = "<group>"; };
		18F621DA26FCB3DC00E83C93 /* FeedbackFormViewController.swift */ = {isa = PBXFileReference; lastKnownFileType = sourcecode.swift; path = FeedbackFormViewController.swift; sourceTree = "<group>"; };
		7BBE49CAA531B57E667F4C49 /* Pods-Checklist.release.xcconfig */ = {isa = PBXFileReference; includeInIndex = 1; lastKnownFileType = text.xcconfig; name = "Pods-Checklist.release.xcconfig"; path = "Target Support Files/Pods-Checklist/Pods-Checklist.release.xcconfig"; sourceTree = "<group>"; };
		B5C757A1DC0D5CD8AB363325 /* Pods-Checklist.debug.xcconfig */ = {isa = PBXFileReference; includeInIndex = 1; lastKnownFileType = text.xcconfig; name = "Pods-Checklist.debug.xcconfig"; path = "Target Support Files/Pods-Checklist/Pods-Checklist.debug.xcconfig"; sourceTree = "<group>"; };
		CA730AE8023FD7EE14F9E606 /* Pods_Checklist.framework */ = {isa = PBXFileReference; explicitFileType = wrapper.framework; includeInIndex = 0; path = Pods_Checklist.framework; sourceTree = BUILT_PRODUCTS_DIR; };
/* End PBXFileReference section */

/* Begin PBXFrameworksBuildPhase section */
		1880BD8925D6D71B004B6BFE /* Frameworks */ = {
			isa = PBXFrameworksBuildPhase;
			buildActionMask = 2147483647;
			files = (
				1827CF7DC441388BCD4EFB23 /* Pods_Checklist.framework in Frameworks */,
			);
			runOnlyForDeploymentPostprocessing = 0;
		};
/* End PBXFrameworksBuildPhase section */

/* Begin PBXGroup section */
		18218BEF270210F5007C46A4 /* PDF */ = {
			isa = PBXGroup;
			children = (
				18218C1027021177007C46A4 /* xp2020xp2020.pdf */,
				18218BF627021151007C46A4 /* xp2020b13860s.pdf */,
				18218BF52702114F007C46A4 /* xp2020cm12500.pdf */,
				18218BF02702114A007C46A4 /* xp2020xrtk.pdf */,
				18218BF827021153007C46A4 /* xp2020acb1.pdf */,
				18218C0D27021172007C46A4 /* xp2020alr6.pdf */,
				18218C0B2702116F007C46A4 /* xp2020wechat.pdf */,
				18218BF727021152007C46A4 /* xp2020miniProgram.pdf */,
				18218BF927021154007C46A4 /* xp2020xagAgri.pdf */,
				18218C1627021182007C46A4 /* xp2020activation.pdf */,
				18218C0527021165007C46A4 /* xp2020roleDistribution.pdf */,
				18218C142702117F007C46A4 /* xp2020pairingACB1.pdf */,
				18218BFE2702115B007C46A4 /* xp2020pairingMobileStation.pdf */,
				18218C0C27021170007C46A4 /* xp2020pairingRover.pdf */,
				18218C092702116B007C46A4 /* xp2020pairingXP2020.pdf */,
				18218BFF2702115D007C46A4 /* xp2020field.pdf */,
				18218C0A2702116D007C46A4 /* xp2020surveyingRover.pdf */,
				18218C132702117D007C46A4 /* xp2020sprayWidthAndSafeDistances.pdf */,
				18218BF42702114E007C46A4 /* xp2020scissors.pdf */,
				18218BFD2702115A007C46A4 /* xp2020uploadField.pdf */,
				18218C0127021160007C46A4 /* xp2020operation.pdf */,
				18218C0427021163007C46A4 /* xp2020visualCheck.pdf */,
				18218BF12702114B007C46A4 /* xp2020battery.pdf */,
				18218C0F27021176007C46A4 /* xp2020propulsionSystem.pdf */,
				18218C0827021169007C46A4 /* xp2020sprayingSystem.pdf */,
				18218BF32702114D007C46A4 /* xp2020sprayingSystemCalibration.pdf */,
				18218BFA27021155007C46A4 /* xp2020flightParameters.pdf */,
				18218C1127021179007C46A4 /* xp2020start.pdf */,
				18218C0227021161007C46A4 /* xp2020rth.pdf */,
				18218C0627021166007C46A4 /* xp2020speed.pdf */,
				18218BF22702114C007C46A4 /* xp2020height.pdf */,
				18218BFC27021159007C46A4 /* xp2020dosage.pdf */,
				18218C1527021180007C46A4 /* xp2020work.pdf */,
				18218C0327021162007C46A4 /* xp2020takeOff.pdf */,
				18218C002702115E007C46A4 /* xp2020endShiftMaintenance.pdf */,
				18218C122702117B007C46A4 /* xp2020scheduledMaintenance.pdf */,
				18218C0727021167007C46A4 /* XAG MANUAL v2.1-163-164.pdf */,
				18218BFB27021157007C46A4 /* XAG MANUAL v2.1-166-173.pdf */,
			);
			path = PDF;
			sourceTree = "<group>";
		};
		183C088425EE2E980025D57F /* Supporting Files */ = {
			isa = PBXGroup;
			children = (
				1880BD8F25D6D71B004B6BFE /* AppDelegate.swift */,
				1880BD9125D6D71B004B6BFE /* SceneDelegate.swift */,
				1880BD9B25D6D727004B6BFE /* Assets.xcassets */,
				1880BD9D25D6D727004B6BFE /* LaunchScreen.storyboard */,
			);
			path = "Supporting Files";
			sourceTree = "<group>";
		};
		1857A9CD2670DB3300A57D7A /* LogInSB */ = {
			isa = PBXGroup;
			children = (
				1857A9CF2670DB9600A57D7A /* FirstScreenViewController.swift */,
				1857A9D12670DBB600A57D7A /* SignUpViewController.swift */,
				1857A9D32670DBC100A57D7A /* LogInViewController.swift */,
				1857A9D52670DBDC00A57D7A /* ForgotPasswordViewController.swift */,
				1834F9EB275AB7770059B096 /* VideoViewController.swift */,
			);
			path = LogInSB;
			sourceTree = "<group>";
		};
		1857A9CE2670DB4300A57D7A /* MainSB */ = {
			isa = PBXGroup;
			children = (
				18BFFDFD267BE6430087421C /* AccountViewController.swift */,
				1880BD9325D6D71B004B6BFE /* SelectDroneAndProgramViewController.swift */,
				18A0771C25EE5662005E7C20 /* ProgramPartSelectionViewController.swift */,
				185D93B5264D17690031A6F8 /* ContentsTableViewController.swift */,
				185D93B8264D40A70031A6F8 /* FAQViewController.swift */,
				18A0771F25EE5677005E7C20 /* ContentViewController.swift */,
				18CBAC0C2698882100D5A2DF /* ChangePasswordViewController.swift */,
				18F621DA26FCB3DC00E83C93 /* FeedbackFormViewController.swift */,
			);
			path = MainSB;
			sourceTree = "<group>";
		};
		1857A9D7267138C500A57D7A /* Supporting Classes */ = {
			isa = PBXGroup;
			children = (
				18DCB77625F1395E00AE1463 /* Navigation.swift */,
				18DCB77325F138E600AE1463 /* UserSettings.swift */,
				18CBAC1226B5611700D5A2DF /* Alerts.swift */,
				18DCB76D25F1366900AE1463 /* String+localized.swift */,
				18DCB77025F136BF00AE1463 /* Constants.swift */,
				18DCB77925F13AF400AE1463 /* PasswordValidator.swift */,
				188BBF4A25F578F30060E34E /* LocalizedKeys.swift */,
				18CF99512747E13300802766 /* NetworkMonitor.swift */,
				1834F9ED275F6B180059B096 /* VideoManager.swift */,
				1834F9EF275F6B420059B096 /* SplitViewManager.swift */,
				18B3AF1927688BF9007BDE63 /* NavigationStackManager.swift */,
			);
			path = "Supporting Classes";
			sourceTree = "<group>";
		};
		187136312718A1F000E3D90E /* MyTableViewCell */ = {
			isa = PBXGroup;
			children = (
				18DCB75D25EF7E1500AE1463 /* MyTableViewCell.swift */,
				18DCB75E25EF7E1500AE1463 /* MyTableViewCell.xib */,
			);
			path = MyTableViewCell;
			sourceTree = "<group>";
		};
		187136322718A21300E3D90E /* ContactUsCell */ = {
			isa = PBXGroup;
			children = (
				187136332718A25B00E3D90E /* ContactUsTableViewCell.swift */,
				187136342718A25B00E3D90E /* ContactUsTableViewCell.xib */,
			);
			path = ContactUsCell;
			sourceTree = "<group>";
		};
		1880BD8325D6D71B004B6BFE = {
			isa = PBXGroup;
			children = (
				1880BD8E25D6D71B004B6BFE /* Checklist */,
				1880BD8D25D6D71B004B6BFE /* Products */,
				CAB8B78108B0EA61C397EAAF /* Pods */,
				699450BEC566ABBD7D61D89E /* Frameworks */,
			);
			sourceTree = "<group>";
		};
		1880BD8D25D6D71B004B6BFE /* Products */ = {
			isa = PBXGroup;
			children = (
				1880BD8C25D6D71B004B6BFE /* Checklist.app */,
			);
			name = Products;
			sourceTree = "<group>";
		};
		1880BD8E25D6D71B004B6BFE /* Checklist */ = {
			isa = PBXGroup;
			children = (
				18A0771825EE5552005E7C20 /* Model */,
				18A0771925EE5561005E7C20 /* View Controllers */,
				18A0771A25EE5575005E7C20 /* Storyboards */,
				18DCB76425EF86E200AE1463 /* Custom Cells */,
				18DCB78825F37D7600AE1463 /* Localizable.strings */,
				183C088425EE2E980025D57F /* Supporting Files */,
				1857A9D7267138C500A57D7A /* Supporting Classes */,
				18DCB77C25F13B6D00AE1463 /* Media */,
				18218BEF270210F5007C46A4 /* PDF */,
				1880BDA025D6D727004B6BFE /* Info.plist */,
				1857A9D8267B7DB700A57D7A /* GoogleService-Info.plist */,
				1880BD9825D6D71B004B6BFE /* Checklist.xcdatamodeld */,
			);
			path = Checklist;
			sourceTree = "<group>";
		};
		18A0771825EE5552005E7C20 /* Model */ = {
			isa = PBXGroup;
			children = (
				188BBF3825F3FC570060E34E /* Checklist.swift */,
				1880BDA725D6D77E004B6BFE /* Drone.swift */,
				188BBF4025F5284D0060E34E /* Scenario.swift */,
			);
			path = Model;
			sourceTree = "<group>";
		};
		18A0771925EE5561005E7C20 /* View Controllers */ = {
			isa = PBXGroup;
			children = (
				1857A9CE2670DB4300A57D7A /* MainSB */,
				1857A9CD2670DB3300A57D7A /* LogInSB */,
			);
			path = "View Controllers";
			sourceTree = "<group>";
		};
		18A0771A25EE5575005E7C20 /* Storyboards */ = {
			isa = PBXGroup;
			children = (
				1880BD9525D6D71B004B6BFE /* Main.storyboard */,
				18DCB78025F13CAC00AE1463 /* LogIn.storyboard */,
			);
			path = Storyboards;
			sourceTree = "<group>";
		};
		18DCB76425EF86E200AE1463 /* Custom Cells */ = {
			isa = PBXGroup;
			children = (
				187136322718A21300E3D90E /* ContactUsCell */,
				187136312718A1F000E3D90E /* MyTableViewCell */,
			);
			path = "Custom Cells";
			sourceTree = "<group>";
		};
		18DCB77C25F13B6D00AE1463 /* Media */ = {
			isa = PBXGroup;
			children = (
				18DCB77D25F13B9200AE1463 /* My Movie.mp4 */,
			);
			path = Media;
			sourceTree = "<group>";
		};
		699450BEC566ABBD7D61D89E /* Frameworks */ = {
			isa = PBXGroup;
			children = (
				CA730AE8023FD7EE14F9E606 /* Pods_Checklist.framework */,
			);
			name = Frameworks;
			sourceTree = "<group>";
		};
		CAB8B78108B0EA61C397EAAF /* Pods */ = {
			isa = PBXGroup;
			children = (
				B5C757A1DC0D5CD8AB363325 /* Pods-Checklist.debug.xcconfig */,
				7BBE49CAA531B57E667F4C49 /* Pods-Checklist.release.xcconfig */,
			);
			path = Pods;
			sourceTree = "<group>";
		};
/* End PBXGroup section */

/* Begin PBXNativeTarget section */
		1880BD8B25D6D71B004B6BFE /* Checklist */ = {
			isa = PBXNativeTarget;
			buildConfigurationList = 1880BDA325D6D727004B6BFE /* Build configuration list for PBXNativeTarget "Checklist" */;
			buildPhases = (
				39BDF53357378878D928304A /* [CP] Check Pods Manifest.lock */,
				1880BD8825D6D71B004B6BFE /* Sources */,
				1880BD8925D6D71B004B6BFE /* Frameworks */,
				1880BD8A25D6D71B004B6BFE /* Resources */,
				12144045D50D83DC2805A28A /* [CP] Embed Pods Frameworks */,
			);
			buildRules = (
			);
			dependencies = (
			);
			name = Checklist;
			productName = Checklist;
			productReference = 1880BD8C25D6D71B004B6BFE /* Checklist.app */;
			productType = "com.apple.product-type.application";
		};
/* End PBXNativeTarget section */

/* Begin PBXProject section */
		1880BD8425D6D71B004B6BFE /* Project object */ = {
			isa = PBXProject;
			attributes = {
				LastSwiftUpdateCheck = 1240;
				LastUpgradeCheck = 1240;
				TargetAttributes = {
					1880BD8B25D6D71B004B6BFE = {
						CreatedOnToolsVersion = 12.4;
					};
				};
			};
			buildConfigurationList = 1880BD8725D6D71B004B6BFE /* Build configuration list for PBXProject "Checklist" */;
			compatibilityVersion = "Xcode 9.3";
			developmentRegion = en;
			hasScannedForEncodings = 0;
			knownRegions = (
				en,
				Base,
				uk,
				ru,
			);
			mainGroup = 1880BD8325D6D71B004B6BFE;
			productRefGroup = 1880BD8D25D6D71B004B6BFE /* Products */;
			projectDirPath = "";
			projectRoot = "";
			targets = (
				1880BD8B25D6D71B004B6BFE /* Checklist */,
			);
		};
/* End PBXProject section */

/* Begin PBXResourcesBuildPhase section */
		1880BD8A25D6D71B004B6BFE /* Resources */ = {
			isa = PBXResourcesBuildPhase;
			buildActionMask = 2147483647;
			files = (
				18218C1C27021182007C46A4 /* xp2020cm12500.pdf in Resources */,
				18218C1B27021182007C46A4 /* xp2020scissors.pdf in Resources */,
				18218C3027021183007C46A4 /* xp2020pairingXP2020.pdf in Resources */,
				18218C2827021183007C46A4 /* xp2020operation.pdf in Resources */,
				18218C3B27021183007C46A4 /* xp2020pairingACB1.pdf in Resources */,
				18218C3127021183007C46A4 /* xp2020surveyingRover.pdf in Resources */,
				18218C1E27021183007C46A4 /* xp2020miniProgram.pdf in Resources */,
				18218C3827021183007C46A4 /* xp2020start.pdf in Resources */,
				1880BD9F25D6D727004B6BFE /* LaunchScreen.storyboard in Resources */,
				18218C3727021183007C46A4 /* xp2020xp2020.pdf in Resources */,
				18218C2727021183007C46A4 /* xp2020endShiftMaintenance.pdf in Resources */,
				18218C3D27021183007C46A4 /* xp2020activation.pdf in Resources */,
				18218C2A27021183007C46A4 /* xp2020takeOff.pdf in Resources */,
				18218C3627021183007C46A4 /* xp2020propulsionSystem.pdf in Resources */,
				18218C1D27021182007C46A4 /* xp2020b13860s.pdf in Resources */,
				18218C1827021182007C46A4 /* xp2020battery.pdf in Resources */,
				18218C1F27021183007C46A4 /* xp2020acb1.pdf in Resources */,
				18DCB76025EF7E1500AE1463 /* MyTableViewCell.xib in Resources */,
				18218C2D27021183007C46A4 /* xp2020speed.pdf in Resources */,
				18218C2127021183007C46A4 /* xp2020flightParameters.pdf in Resources */,
				18218C3C27021183007C46A4 /* xp2020work.pdf in Resources */,
				18218C3427021183007C46A4 /* xp2020alr6.pdf in Resources */,
				1880BD9C25D6D727004B6BFE /* Assets.xcassets in Resources */,
				18218C2327021183007C46A4 /* xp2020dosage.pdf in Resources */,
				18218C2B27021183007C46A4 /* xp2020visualCheck.pdf in Resources */,
				18DCB78625F37D7600AE1463 /* Localizable.strings in Resources */,
				18218C1927021182007C46A4 /* xp2020height.pdf in Resources */,
				18218C2627021183007C46A4 /* xp2020field.pdf in Resources */,
				1880BD9725D6D71B004B6BFE /* Main.storyboard in Resources */,
				18218C2927021183007C46A4 /* xp2020rth.pdf in Resources */,
				18218C2527021183007C46A4 /* xp2020pairingMobileStation.pdf in Resources */,
				18DCB78125F13CAC00AE1463 /* LogIn.storyboard in Resources */,
				18218C2E27021183007C46A4 /* XAG MANUAL v2.1-163-164.pdf in Resources */,
				18218C2227021183007C46A4 /* XAG MANUAL v2.1-166-173.pdf in Resources */,
				18218C3A27021183007C46A4 /* xp2020sprayWidthAndSafeDistances.pdf in Resources */,
				18218C2C27021183007C46A4 /* xp2020roleDistribution.pdf in Resources */,
				18218C3927021183007C46A4 /* xp2020scheduledMaintenance.pdf in Resources */,
				18218C2427021183007C46A4 /* xp2020uploadField.pdf in Resources */,
				18DCB77E25F13B9200AE1463 /* My Movie.mp4 in Resources */,
				187136362718A25B00E3D90E /* ContactUsTableViewCell.xib in Resources */,
				18218C2027021183007C46A4 /* xp2020xagAgri.pdf in Resources */,
				18218C1A27021182007C46A4 /* xp2020sprayingSystemCalibration.pdf in Resources */,
				18218C3327021183007C46A4 /* xp2020pairingRover.pdf in Resources */,
				18218C3227021183007C46A4 /* xp2020wechat.pdf in Resources */,
				18218C2F27021183007C46A4 /* xp2020sprayingSystem.pdf in Resources */,
				18218C1727021182007C46A4 /* xp2020xrtk.pdf in Resources */,
				1857A9D9267B7DB700A57D7A /* GoogleService-Info.plist in Resources */,
			);
			runOnlyForDeploymentPostprocessing = 0;
		};
/* End PBXResourcesBuildPhase section */

/* Begin PBXShellScriptBuildPhase section */
		12144045D50D83DC2805A28A /* [CP] Embed Pods Frameworks */ = {
			isa = PBXShellScriptBuildPhase;
			buildActionMask = 2147483647;
			files = (
			);
			inputFileListPaths = (
				"${PODS_ROOT}/Target Support Files/Pods-Checklist/Pods-Checklist-frameworks-${CONFIGURATION}-input-files.xcfilelist",
			);
			name = "[CP] Embed Pods Frameworks";
			outputFileListPaths = (
				"${PODS_ROOT}/Target Support Files/Pods-Checklist/Pods-Checklist-frameworks-${CONFIGURATION}-output-files.xcfilelist",
			);
			runOnlyForDeploymentPostprocessing = 0;
			shellPath = /bin/sh;
			shellScript = "\"${PODS_ROOT}/Target Support Files/Pods-Checklist/Pods-Checklist-frameworks.sh\"\n";
			showEnvVarsInLog = 0;
		};
		39BDF53357378878D928304A /* [CP] Check Pods Manifest.lock */ = {
			isa = PBXShellScriptBuildPhase;
			buildActionMask = 2147483647;
			files = (
			);
			inputFileListPaths = (
			);
			inputPaths = (
				"${PODS_PODFILE_DIR_PATH}/Podfile.lock",
				"${PODS_ROOT}/Manifest.lock",
			);
			name = "[CP] Check Pods Manifest.lock";
			outputFileListPaths = (
			);
			outputPaths = (
				"$(DERIVED_FILE_DIR)/Pods-Checklist-checkManifestLockResult.txt",
			);
			runOnlyForDeploymentPostprocessing = 0;
			shellPath = /bin/sh;
			shellScript = "diff \"${PODS_PODFILE_DIR_PATH}/Podfile.lock\" \"${PODS_ROOT}/Manifest.lock\" > /dev/null\nif [ $? != 0 ] ; then\n    # print error to STDERR\n    echo \"error: The sandbox is not in sync with the Podfile.lock. Run 'pod install' or update your CocoaPods installation.\" >&2\n    exit 1\nfi\n# This output is used by Xcode 'outputs' to avoid re-running this script phase.\necho \"SUCCESS\" > \"${SCRIPT_OUTPUT_FILE_0}\"\n";
			showEnvVarsInLog = 0;
		};
/* End PBXShellScriptBuildPhase section */

/* Begin PBXSourcesBuildPhase section */
		1880BD8825D6D71B004B6BFE /* Sources */ = {
			isa = PBXSourcesBuildPhase;
			buildActionMask = 2147483647;
			files = (
				1880BD9A25D6D71B004B6BFE /* Checklist.xcdatamodeld in Sources */,
				188BBF3925F3FC570060E34E /* Checklist.swift in Sources */,
				1857A9D62670DBDC00A57D7A /* ForgotPasswordViewController.swift in Sources */,
				18A0772025EE5677005E7C20 /* ContentViewController.swift in Sources */,
				187136352718A25B00E3D90E /* ContactUsTableViewCell.swift in Sources */,
				1834F9F0275F6B420059B096 /* SplitViewManager.swift in Sources */,
				1880BDA825D6D77E004B6BFE /* Drone.swift in Sources */,
				1880BD9425D6D71B004B6BFE /* SelectDroneAndProgramViewController.swift in Sources */,
				18DCB75F25EF7E1500AE1463 /* MyTableViewCell.swift in Sources */,
				185D93B6264D17690031A6F8 /* ContentsTableViewController.swift in Sources */,
				1857A9D02670DB9600A57D7A /* FirstScreenViewController.swift in Sources */,
				1834F9EC275AB7770059B096 /* VideoViewController.swift in Sources */,
				18CBAC0D2698882100D5A2DF /* ChangePasswordViewController.swift in Sources */,
				18DCB77125F136BF00AE1463 /* Constants.swift in Sources */,
				18CBAC1326B5611700D5A2DF /* Alerts.swift in Sources */,
				18CF99522747E13300802766 /* NetworkMonitor.swift in Sources */,
				18A0771D25EE5662005E7C20 /* ProgramPartSelectionViewController.swift in Sources */,
				1880BD9025D6D71B004B6BFE /* AppDelegate.swift in Sources */,
				1834F9EE275F6B190059B096 /* VideoManager.swift in Sources */,
				188BBF4B25F578F30060E34E /* LocalizedKeys.swift in Sources */,
				185D93B9264D40A70031A6F8 /* FAQViewController.swift in Sources */,
				18B3AF1A27688BF9007BDE63 /* NavigationStackManager.swift in Sources */,
				18DCB77A25F13AF400AE1463 /* PasswordValidator.swift in Sources */,
				1857A9D22670DBB600A57D7A /* SignUpViewController.swift in Sources */,
				18BFFDFE267BE6430087421C /* AccountViewController.swift in Sources */,
				18DCB76E25F1366900AE1463 /* String+localized.swift in Sources */,
				18F621DB26FCB3DC00E83C93 /* FeedbackFormViewController.swift in Sources */,
				188BBF4125F5284D0060E34E /* Scenario.swift in Sources */,
				1857A9D42670DBC100A57D7A /* LogInViewController.swift in Sources */,
				18DCB77725F1395E00AE1463 /* Navigation.swift in Sources */,
				18DCB77425F138E600AE1463 /* UserSettings.swift in Sources */,
				1880BD9225D6D71B004B6BFE /* SceneDelegate.swift in Sources */,
			);
			runOnlyForDeploymentPostprocessing = 0;
		};
/* End PBXSourcesBuildPhase section */

/* Begin PBXVariantGroup section */
		1880BD9525D6D71B004B6BFE /* Main.storyboard */ = {
			isa = PBXVariantGroup;
			children = (
				1880BD9625D6D71B004B6BFE /* Base */,
			);
			name = Main.storyboard;
			sourceTree = "<group>";
		};
		1880BD9D25D6D727004B6BFE /* LaunchScreen.storyboard */ = {
			isa = PBXVariantGroup;
			children = (
				1880BD9E25D6D727004B6BFE /* Base */,
			);
			name = LaunchScreen.storyboard;
			sourceTree = "<group>";
		};
		18DCB78825F37D7600AE1463 /* Localizable.strings */ = {
			isa = PBXVariantGroup;
			children = (
				18DCB78725F37D7600AE1463 /* en */,
				188BBF3125F37F4F0060E34E /* uk */,
				188BBF3225F37F610060E34E /* ru */,
			);
			name = Localizable.strings;
			sourceTree = "<group>";
		};
/* End PBXVariantGroup section */

/* Begin XCBuildConfiguration section */
		1880BDA125D6D727004B6BFE /* Debug */ = {
			isa = XCBuildConfiguration;
			buildSettings = {
				ALWAYS_SEARCH_USER_PATHS = NO;
				CLANG_ANALYZER_LOCALIZABILITY_NONLOCALIZED = YES;
				CLANG_ANALYZER_NONNULL = YES;
				CLANG_ANALYZER_NUMBER_OBJECT_CONVERSION = YES_AGGRESSIVE;
				CLANG_CXX_LANGUAGE_STANDARD = "gnu++14";
				CLANG_CXX_LIBRARY = "libc++";
				CLANG_ENABLE_MODULES = YES;
				CLANG_ENABLE_OBJC_ARC = YES;
				CLANG_ENABLE_OBJC_WEAK = YES;
				CLANG_WARN_BLOCK_CAPTURE_AUTORELEASING = YES;
				CLANG_WARN_BOOL_CONVERSION = YES;
				CLANG_WARN_COMMA = YES;
				CLANG_WARN_CONSTANT_CONVERSION = YES;
				CLANG_WARN_DEPRECATED_OBJC_IMPLEMENTATIONS = YES;
				CLANG_WARN_DIRECT_OBJC_ISA_USAGE = YES_ERROR;
				CLANG_WARN_DOCUMENTATION_COMMENTS = YES;
				CLANG_WARN_EMPTY_BODY = YES;
				CLANG_WARN_ENUM_CONVERSION = YES;
				CLANG_WARN_INFINITE_RECURSION = YES;
				CLANG_WARN_INT_CONVERSION = YES;
				CLANG_WARN_NON_LITERAL_NULL_CONVERSION = YES;
				CLANG_WARN_OBJC_IMPLICIT_RETAIN_SELF = YES;
				CLANG_WARN_OBJC_LITERAL_CONVERSION = YES;
				CLANG_WARN_OBJC_ROOT_CLASS = YES_ERROR;
				CLANG_WARN_QUOTED_INCLUDE_IN_FRAMEWORK_HEADER = YES;
				CLANG_WARN_RANGE_LOOP_ANALYSIS = YES;
				CLANG_WARN_STRICT_PROTOTYPES = YES;
				CLANG_WARN_SUSPICIOUS_MOVE = YES;
				CLANG_WARN_UNGUARDED_AVAILABILITY = YES_AGGRESSIVE;
				CLANG_WARN_UNREACHABLE_CODE = YES;
				CLANG_WARN__DUPLICATE_METHOD_MATCH = YES;
				COPY_PHASE_STRIP = NO;
				DEBUG_INFORMATION_FORMAT = dwarf;
				ENABLE_STRICT_OBJC_MSGSEND = YES;
				ENABLE_TESTABILITY = YES;
				GCC_C_LANGUAGE_STANDARD = gnu11;
				GCC_DYNAMIC_NO_PIC = NO;
				GCC_NO_COMMON_BLOCKS = YES;
				GCC_OPTIMIZATION_LEVEL = 0;
				GCC_PREPROCESSOR_DEFINITIONS = (
					"DEBUG=1",
					"$(inherited)",
				);
				GCC_WARN_64_TO_32_BIT_CONVERSION = YES;
				GCC_WARN_ABOUT_RETURN_TYPE = YES_ERROR;
				GCC_WARN_UNDECLARED_SELECTOR = YES;
				GCC_WARN_UNINITIALIZED_AUTOS = YES_AGGRESSIVE;
				GCC_WARN_UNUSED_FUNCTION = YES;
				GCC_WARN_UNUSED_VARIABLE = YES;
				IPHONEOS_DEPLOYMENT_TARGET = 14.4;
				MTL_ENABLE_DEBUG_INFO = INCLUDE_SOURCE;
				MTL_FAST_MATH = YES;
				ONLY_ACTIVE_ARCH = YES;
				SDKROOT = iphoneos;
				SWIFT_ACTIVE_COMPILATION_CONDITIONS = DEBUG;
				SWIFT_OPTIMIZATION_LEVEL = "-Onone";
			};
			name = Debug;
		};
		1880BDA225D6D727004B6BFE /* Release */ = {
			isa = XCBuildConfiguration;
			buildSettings = {
				ALWAYS_SEARCH_USER_PATHS = NO;
				CLANG_ANALYZER_LOCALIZABILITY_NONLOCALIZED = YES;
				CLANG_ANALYZER_NONNULL = YES;
				CLANG_ANALYZER_NUMBER_OBJECT_CONVERSION = YES_AGGRESSIVE;
				CLANG_CXX_LANGUAGE_STANDARD = "gnu++14";
				CLANG_CXX_LIBRARY = "libc++";
				CLANG_ENABLE_MODULES = YES;
				CLANG_ENABLE_OBJC_ARC = YES;
				CLANG_ENABLE_OBJC_WEAK = YES;
				CLANG_WARN_BLOCK_CAPTURE_AUTORELEASING = YES;
				CLANG_WARN_BOOL_CONVERSION = YES;
				CLANG_WARN_COMMA = YES;
				CLANG_WARN_CONSTANT_CONVERSION = YES;
				CLANG_WARN_DEPRECATED_OBJC_IMPLEMENTATIONS = YES;
				CLANG_WARN_DIRECT_OBJC_ISA_USAGE = YES_ERROR;
				CLANG_WARN_DOCUMENTATION_COMMENTS = YES;
				CLANG_WARN_EMPTY_BODY = YES;
				CLANG_WARN_ENUM_CONVERSION = YES;
				CLANG_WARN_INFINITE_RECURSION = YES;
				CLANG_WARN_INT_CONVERSION = YES;
				CLANG_WARN_NON_LITERAL_NULL_CONVERSION = YES;
				CLANG_WARN_OBJC_IMPLICIT_RETAIN_SELF = YES;
				CLANG_WARN_OBJC_LITERAL_CONVERSION = YES;
				CLANG_WARN_OBJC_ROOT_CLASS = YES_ERROR;
				CLANG_WARN_QUOTED_INCLUDE_IN_FRAMEWORK_HEADER = YES;
				CLANG_WARN_RANGE_LOOP_ANALYSIS = YES;
				CLANG_WARN_STRICT_PROTOTYPES = YES;
				CLANG_WARN_SUSPICIOUS_MOVE = YES;
				CLANG_WARN_UNGUARDED_AVAILABILITY = YES_AGGRESSIVE;
				CLANG_WARN_UNREACHABLE_CODE = YES;
				CLANG_WARN__DUPLICATE_METHOD_MATCH = YES;
				COPY_PHASE_STRIP = NO;
				DEBUG_INFORMATION_FORMAT = "dwarf-with-dsym";
				ENABLE_NS_ASSERTIONS = NO;
				ENABLE_STRICT_OBJC_MSGSEND = YES;
				GCC_C_LANGUAGE_STANDARD = gnu11;
				GCC_NO_COMMON_BLOCKS = YES;
				GCC_WARN_64_TO_32_BIT_CONVERSION = YES;
				GCC_WARN_ABOUT_RETURN_TYPE = YES_ERROR;
				GCC_WARN_UNDECLARED_SELECTOR = YES;
				GCC_WARN_UNINITIALIZED_AUTOS = YES_AGGRESSIVE;
				GCC_WARN_UNUSED_FUNCTION = YES;
				GCC_WARN_UNUSED_VARIABLE = YES;
				IPHONEOS_DEPLOYMENT_TARGET = 14.4;
				MTL_ENABLE_DEBUG_INFO = NO;
				MTL_FAST_MATH = YES;
				SDKROOT = iphoneos;
				SWIFT_COMPILATION_MODE = wholemodule;
				SWIFT_OPTIMIZATION_LEVEL = "-O";
				VALIDATE_PRODUCT = YES;
			};
			name = Release;
		};
		1880BDA425D6D727004B6BFE /* Debug */ = {
			isa = XCBuildConfiguration;
			baseConfigurationReference = B5C757A1DC0D5CD8AB363325 /* Pods-Checklist.debug.xcconfig */;
			buildSettings = {
				ASSETCATALOG_COMPILER_APPICON_NAME = AppIcon;
				ASSETCATALOG_COMPILER_GLOBAL_ACCENT_COLOR_NAME = AccentColor;
				CODE_SIGN_STYLE = Automatic;
				DEVELOPMENT_TEAM = W7BGRNT9MM;
				INFOPLIST_FILE = Checklist/Info.plist;
				LD_RUNPATH_SEARCH_PATHS = (
					"$(inherited)",
					"@executable_path/Frameworks",
				);
				PRODUCT_BUNDLE_IDENTIFIER = "Andrii-Pohodin.Checklist";
				PRODUCT_NAME = "$(TARGET_NAME)";
				SWIFT_VERSION = 5.0;
				TARGETED_DEVICE_FAMILY = "1,2";
			};
			name = Debug;
		};
		1880BDA525D6D727004B6BFE /* Release */ = {
			isa = XCBuildConfiguration;
			baseConfigurationReference = 7BBE49CAA531B57E667F4C49 /* Pods-Checklist.release.xcconfig */;
			buildSettings = {
				ASSETCATALOG_COMPILER_APPICON_NAME = AppIcon;
				ASSETCATALOG_COMPILER_GLOBAL_ACCENT_COLOR_NAME = AccentColor;
				CODE_SIGN_STYLE = Automatic;
				DEVELOPMENT_TEAM = W7BGRNT9MM;
				INFOPLIST_FILE = Checklist/Info.plist;
				LD_RUNPATH_SEARCH_PATHS = (
					"$(inherited)",
					"@executable_path/Frameworks",
				);
				PRODUCT_BUNDLE_IDENTIFIER = "Andrii-Pohodin.Checklist";
				PRODUCT_NAME = "$(TARGET_NAME)";
				SWIFT_VERSION = 5.0;
				TARGETED_DEVICE_FAMILY = "1,2";
			};
			name = Release;
		};
/* End XCBuildConfiguration section */

/* Begin XCConfigurationList section */
		1880BD8725D6D71B004B6BFE /* Build configuration list for PBXProject "Checklist" */ = {
			isa = XCConfigurationList;
			buildConfigurations = (
				1880BDA125D6D727004B6BFE /* Debug */,
				1880BDA225D6D727004B6BFE /* Release */,
			);
			defaultConfigurationIsVisible = 0;
			defaultConfigurationName = Release;
		};
		1880BDA325D6D727004B6BFE /* Build configuration list for PBXNativeTarget "Checklist" */ = {
			isa = XCConfigurationList;
			buildConfigurations = (
				1880BDA425D6D727004B6BFE /* Debug */,
				1880BDA525D6D727004B6BFE /* Release */,
			);
			defaultConfigurationIsVisible = 0;
			defaultConfigurationName = Release;
		};
/* End XCConfigurationList section */

/* Begin XCVersionGroup section */
		1880BD9825D6D71B004B6BFE /* Checklist.xcdatamodeld */ = {
			isa = XCVersionGroup;
			children = (
				1880BD9925D6D71B004B6BFE /* Checklist.xcdatamodel */,
			);
			currentVersion = 1880BD9925D6D71B004B6BFE /* Checklist.xcdatamodel */;
			path = Checklist.xcdatamodeld;
			sourceTree = "<group>";
			versionGroupType = wrapper.xcdatamodel;
		};
/* End XCVersionGroup section */
	};
	rootObject = 1880BD8425D6D71B004B6BFE /* Project object */;
}
